Microsoft Visual Studio Solution File, Format Version 12.00
# Visual Studio 15
VisualStudioVersion = 15.0.26730.12
MinimumVisualStudioVersion = 10.0.40219.1
Project("{9A19103F-16F7-4668-BE54-9A1E7A4F7556}") = "AdventureWorksAPI", "AdventureWorksAPI\AdventureWorksAPI.csproj", "{EF2ADB00-93F7-4AF5-9967-AEC43D22D4F8}"
	ProjectSection(ProjectDependencies) = postProject
		{9ABD8A41-8106-4850-A18C-5B05A939986C} = {9ABD8A41-8106-4850-A18C-5B05A939986C}
	EndProjectSection
EndProject
Project("{9A19103F-16F7-4668-BE54-9A1E7A4F7556}") = "AdventureWorksAPI.Tests", "AdventureWorksAPI.Tests\AdventureWorksAPI.Tests.csproj", "{5359D9F0-7CAA-4E2F-AB97-EC3C25297ED5}"
EndProject
Project("{FAE04EC0-301F-11D3-BF4B-00C04F79EFBC}") = "AdventureWorksAPI.Core", "AdventureWorksAPI.Core\AdventureWorksAPI.Core.csproj", "{9ABD8A41-8106-4850-A18C-5B05A939986C}"
EndProject
Global
	GlobalSection(SolutionConfigurationPlatforms) = preSolution
		Debug|Any CPU = Debug|Any CPU
		Debug|x64 = Debug|x64
		Debug|x86 = Debug|x86
		Release|Any CPU = Release|Any CPU
		Release|x64 = Release|x64
		Release|x86 = Release|x86
	EndGlobalSection
	GlobalSection(ProjectConfigurationPlatforms) = postSolution
		{EF2ADB00-93F7-4AF5-9967-AEC43D22D4F8}.Debug|Any CPU.ActiveCfg = Debug|Any CPU
		{EF2ADB00-93F7-4AF5-9967-AEC43D22D4F8}.Debug|Any CPU.Build.0 = Debug|Any CPU
		{EF2ADB00-93F7-4AF5-9967-AEC43D22D4F8}.Debug|x64.ActiveCfg = Debug|Any CPU
		{EF2ADB00-93F7-4AF5-9967-AEC43D22D4F8}.Debug|x64.Build.0 = Debug|Any CPU
		{EF2ADB00-93F7-4AF5-9967-AEC43D22D4F8}.Debug|x86.ActiveCfg = Debug|Any CPU
		{EF2ADB00-93F7-4AF5-9967-AEC43D22D4F8}.Debug|x86.Build.0 = Debug|Any CPU
		{EF2ADB00-93F7-4AF5-9967-AEC43D22D4F8}.Release|Any CPU.ActiveCfg = Release|Any CPU
		{EF2ADB00-93F7-4AF5-9967-AEC43D22D4F8}.Release|Any CPU.Build.0 = Release|Any CPU
		{EF2ADB00-93F7-4AF5-9967-AEC43D22D4F8}.Release|x64.ActiveCfg = Release|Any CPU
		{EF2ADB00-93F7-4AF5-9967-AEC43D22D4F8}.Release|x64.Build.0 = Release|Any CPU
		{EF2ADB00-93F7-4AF5-9967-AEC43D22D4F8}.Release|x86.ActiveCfg = Release|Any CPU
		{EF2ADB00-93F7-4AF5-9967-AEC43D22D4F8}.Release|x86.Build.0 = Release|Any CPU
		{5359D9F0-7CAA-4E2F-AB97-EC3C25297ED5}.Debug|Any CPU.ActiveCfg = Debug|Any CPU
		{5359D9F0-7CAA-4E2F-AB97-EC3C25297ED5}.Debug|Any CPU.Build.0 = Debug|Any CPU
		{5359D9F0-7CAA-4E2F-AB97-EC3C25297ED5}.Debug|x64.ActiveCfg = Debug|Any CPU
		{5359D9F0-7CAA-4E2F-AB97-EC3C25297ED5}.Debug|x64.Build.0 = Debug|Any CPU
		{5359D9F0-7CAA-4E2F-AB97-EC3C25297ED5}.Debug|x86.ActiveCfg = Debug|Any CPU
		{5359D9F0-7CAA-4E2F-AB97-EC3C25297ED5}.Debug|x86.Build.0 = Debug|Any CPU
		{5359D9F0-7CAA-4E2F-AB97-EC3C25297ED5}.Release|Any CPU.ActiveCfg = Release|Any CPU
		{5359D9F0-7CAA-4E2F-AB97-EC3C25297ED5}.Release|Any CPU.Build.0 = Release|Any CPU
		{5359D9F0-7CAA-4E2F-AB97-EC3C25297ED5}.Release|x64.ActiveCfg = Release|Any CPU
		{5359D9F0-7CAA-4E2F-AB97-EC3C25297ED5}.Release|x64.Build.0 = Release|Any CPU
		{5359D9F0-7CAA-4E2F-AB97-EC3C25297ED5}.Release|x86.ActiveCfg = Release|Any CPU
		{5359D9F0-7CAA-4E2F-AB97-EC3C25297ED5}.Release|x86.Build.0 = Release|Any CPU
		{9ABD8A41-8106-4850-A18C-5B05A939986C}.Debug|Any CPU.ActiveCfg = Debug|Any CPU
		{9ABD8A41-8106-4850-A18C-5B05A939986C}.Debug|Any CPU.Build.0 = Debug|Any CPU
		{9ABD8A41-8106-4850-A18C-5B05A939986C}.Debug|x64.ActiveCfg = Debug|Any CPU
		{9ABD8A41-8106-4850-A18C-5B05A939986C}.Debug|x64.Build.0 = Debug|Any CPU
		{9ABD8A41-8106-4850-A18C-5B05A939986C}.Debug|x86.ActiveCfg = Debug|Any CPU
		{9ABD8A41-8106-4850-A18C-5B05A939986C}.Debug|x86.Build.0 = Debug|Any CPU
		{9ABD8A41-8106-4850-A18C-5B05A939986C}.Release|Any CPU.ActiveCfg = Release|Any CPU
		{9ABD8A41-8106-4850-A18C-5B05A939986C}.Release|Any CPU.Build.0 = Release|Any CPU
		{9ABD8A41-8106-4850-A18C-5B05A939986C}.Release|x64.ActiveCfg = Release|Any CPU
		{9ABD8A41-8106-4850-A18C-5B05A939986C}.Release|x64.Build.0 = Release|Any CPU
		{9ABD8A41-8106-4850-A18C-5B05A939986C}.Release|x86.ActiveCfg = Release|Any CPU
		{9ABD8A41-8106-4850-A18C-5B05A939986C}.Release|x86.Build.0 = Release|Any CPU
	EndGlobalSection
	GlobalSection(SolutionProperties) = preSolution
		HideSolutionNode = FALSE
	EndGlobalSection
	GlobalSection(ExtensibilityGlobals) = postSolution
		SolutionGuid = {503CBC44-0E88-4F3A-BAC3-4F56221336EA}
	EndGlobalSection
EndGlobal
