
Microsoft Visual Studio Solution File, Format Version 12.00
# Visual Studio 15
VisualStudioVersion = 15.0.26730.12
MinimumVisualStudioVersion = 10.0.40219.1
Project("{9A19103F-16F7-4668-BE54-9A1E7A4F7556}") = "PilotWorksAPI-ForRedis", "PilotWorksAPI-ForRedis\PilotWorksAPI-ForRedis.csproj", "{19124034-A227-4F4B-9680-39A7C14CB2F0}"
	ProjectSection(ProjectDependencies) = postProject
		{8D1E98C0-6A02-4996-83CE-0FAD682F6A7F} = {8D1E98C0-6A02-4996-83CE-0FAD682F6A7F}
	EndProjectSection
EndProject
Project("{9A19103F-16F7-4668-BE54-9A1E7A4F7556}") = "PilotWorksAPI.Core", "PilotWorksAPI.Core\PilotWorksAPI.Core.csproj", "{8D1E98C0-6A02-4996-83CE-0FAD682F6A7F}"
EndProject
Project("{FAE04EC0-301F-11D3-BF4B-00C04F79EFBC}") = "PilotWorksAPI.UnitTests", "PilotWorksAPI.UnitTests\PilotWorksAPI.UnitTests.csproj", "{B932B21C-1CA9-4D5C-97F3-55D05A7BE724}"
	ProjectSection(ProjectDependencies) = postProject
		{19124034-A227-4F4B-9680-39A7C14CB2F0} = {19124034-A227-4F4B-9680-39A7C14CB2F0}
		{8D1E98C0-6A02-4996-83CE-0FAD682F6A7F} = {8D1E98C0-6A02-4996-83CE-0FAD682F6A7F}
	EndProjectSection
EndProject
Global
	GlobalSection(SolutionConfigurationPlatforms) = preSolution
		Debug|Any CPU = Debug|Any CPU
		Release|Any CPU = Release|Any CPU
	EndGlobalSection
	GlobalSection(ProjectConfigurationPlatforms) = postSolution
		{19124034-A227-4F4B-9680-39A7C14CB2F0}.Debug|Any CPU.ActiveCfg = Debug|Any CPU
		{19124034-A227-4F4B-9680-39A7C14CB2F0}.Debug|Any CPU.Build.0 = Debug|Any CPU
		{19124034-A227-4F4B-9680-39A7C14CB2F0}.Release|Any CPU.ActiveCfg = Release|Any CPU
		{19124034-A227-4F4B-9680-39A7C14CB2F0}.Release|Any CPU.Build.0 = Release|Any CPU
		{8D1E98C0-6A02-4996-83CE-0FAD682F6A7F}.Debug|Any CPU.ActiveCfg = Debug|Any CPU
		{8D1E98C0-6A02-4996-83CE-0FAD682F6A7F}.Debug|Any CPU.Build.0 = Debug|Any CPU
		{8D1E98C0-6A02-4996-83CE-0FAD682F6A7F}.Release|Any CPU.ActiveCfg = Release|Any CPU
		{8D1E98C0-6A02-4996-83CE-0FAD682F6A7F}.Release|Any CPU.Build.0 = Release|Any CPU
		{B932B21C-1CA9-4D5C-97F3-55D05A7BE724}.Debug|Any CPU.ActiveCfg = Debug|Any CPU
		{B932B21C-1CA9-4D5C-97F3-55D05A7BE724}.Debug|Any CPU.Build.0 = Debug|Any CPU
		{B932B21C-1CA9-4D5C-97F3-55D05A7BE724}.Release|Any CPU.ActiveCfg = Release|Any CPU
		{B932B21C-1CA9-4D5C-97F3-55D05A7BE724}.Release|Any CPU.Build.0 = Release|Any CPU
	EndGlobalSection
	GlobalSection(SolutionProperties) = preSolution
		HideSolutionNode = FALSE
	EndGlobalSection
	GlobalSection(ExtensibilityGlobals) = postSolution
		SolutionGuid = {580F332F-5C92-481E-82BA-99E7B4FB54AF}
	EndGlobalSection
EndGlobal
